// !$*UTF8*$!
{
	archiveVersion = 1;
	classes = {
	};
	objectVersion = 46;
	objects = {

/* Begin PBXBuildFile section */
		D65541721C569E01009DF5BE /* AppDelegate.swift in Sources */ = {isa = PBXBuildFile; fileRef = D65541711C569E01009DF5BE /* AppDelegate.swift */; };
		D65541741C569E01009DF5BE /* ViewController.swift in Sources */ = {isa = PBXBuildFile; fileRef = D65541731C569E01009DF5BE /* ViewController.swift */; };
		D65541771C569E01009DF5BE /* Main.storyboard in Resources */ = {isa = PBXBuildFile; fileRef = D65541751C569E01009DF5BE /* Main.storyboard */; };
		D65541791C569E01009DF5BE /* Assets.xcassets in Resources */ = {isa = PBXBuildFile; fileRef = D65541781C569E01009DF5BE /* Assets.xcassets */; };
		D655417C1C569E01009DF5BE /* LaunchScreen.storyboard in Resources */ = {isa = PBXBuildFile; fileRef = D655417A1C569E01009DF5BE /* LaunchScreen.storyboard */; };
/* End PBXBuildFile section */

/* Begin PBXFileReference section */
		D655416E1C569E01009DF5BE /* Exercise05.app */ = {isa = PBXFileReference; explicitFileType = wrapper.application; includeInIndex = 0; path = Exercise05.app; sourceTree = BUILT_PRODUCTS_DIR; };
		D65541711C569E01009DF5BE /* AppDelegate.swift */ = {isa = PBXFileReference; lastKnownFileType = sourcecode.swift; path = AppDelegate.swift; sourceTree = "<group>"; };
		D65541731C569E01009DF5BE /* ViewController.swift */ = {isa = PBXFileReference; lastKnownFileType = sourcecode.swift; path = ViewController.swift; sourceTree = "<group>"; };
		D65541761C569E01009DF5BE /* Base */ = {isa = PBXFileReference; lastKnownFileType = file.storyboard; name = Base; path = Base.lproj/Main.storyboard; sourceTree = "<group>"; };
		D65541781C569E01009DF5BE /* Assets.xcassets */ = {isa = PBXFileReference; lastKnownFileType = folder.assetcatalog; path = Assets.xcassets; sourceTree = "<group>"; };
		D655417B1C569E01009DF5BE /* Base */ = {isa = PBXFileReference; lastKnownFileType = file.storyboard; name = Base; path = Base.lproj/LaunchScreen.storyboard; sourceTree = "<group>"; };
		D655417D1C569E01009DF5BE /* Info.plist */ = {isa = PBXFileReference; lastKnownFileType = text.plist.xml; path = Info.plist; sourceTree = "<group>"; };
/* End PBXFileReference section */

/* Begin PBXFrameworksBuildPhase section */
		D655416B1C569E01009DF5BE /* Frameworks */ = {
			isa = PBXFrameworksBuildPhase;
			buildActionMask = 2147483647;
			files = (
			);
			runOnlyForDeploymentPostprocessing = 0;
		};
/* End PBXFrameworksBuildPhase section */

/* Begin PBXGroup section */
		D65541651C569E01009DF5BE = {
			isa = PBXGroup;
			children = (
				D65541701C569E01009DF5BE /* Exercise05 */,
				D655416F1C569E01009DF5BE /* Products */,
			);
			sourceTree = "<group>";
		};
		D655416F1C569E01009DF5BE /* Products */ = {
			isa = PBXGroup;
			children = (
				D655416E1C569E01009DF5BE /* Exercise05.app */,
			);
			name = Products;
			sourceTree = "<group>";
		};
		D65541701C569E01009DF5BE /* Exercise05 */ = {
			isa = PBXGroup;
			children = (
				D65541711C569E01009DF5BE /* AppDelegate.swift */,
				D65541731C569E01009DF5BE /* ViewController.swift */,
				D65541751C569E01009DF5BE /* Main.storyboard */,
				D65541781C569E01009DF5BE /* Assets.xcassets */,
				D655417A1C569E01009DF5BE /* LaunchScreen.storyboard */,
				D655417D1C569E01009DF5BE /* Info.plist */,
			);
			path = Exercise05;
			sourceTree = "<group>";
		};
/* End PBXGroup section */

/* Begin PBXNativeTarget section */
		D655416D1C569E01009DF5BE /* Exercise05 */ = {
			isa = PBXNativeTarget;
			buildConfigurationList = D65541801C569E01009DF5BE /* Build configuration list for PBXNativeTarget "Exercise05" */;
			buildPhases = (
				D655416A1C569E01009DF5BE /* Sources */,
				D655416B1C569E01009DF5BE /* Frameworks */,
				D655416C1C569E01009DF5BE /* Resources */,
			);
			buildRules = (
			);
			dependencies = (
			);
			name = Exercise05;
			productName = Exercise05;
			productReference = D655416E1C569E01009DF5BE /* Exercise05.app */;
			productType = "com.apple.product-type.application";
		};
/* End PBXNativeTarget section */

/* Begin PBXProject section */
		D65541661C569E01009DF5BE /* Project object */ = {
			isa = PBXProject;
			attributes = {
				LastSwiftUpdateCheck = 0720;
				LastUpgradeCheck = 0720;
				ORGANIZATIONNAME = "Amr Sami";
				TargetAttributes = {
					D655416D1C569E01009DF5BE = {
						CreatedOnToolsVersion = 7.2;
					};
				};
			};
			buildConfigurationList = D65541691C569E01009DF5BE /* Build configuration list for PBXProject "Exercise05" */;
			compatibilityVersion = "Xcode 3.2";
			developmentRegion = English;
			hasScannedForEncodings = 0;
			knownRegions = (
				en,
				Base,
			);
			mainGroup = D65541651C569E01009DF5BE;
			productRefGroup = D655416F1C569E01009DF5BE /* Products */;
			projectDirPath = "";
			projectRoot = "";
			targets = (
				D655416D1C569E01009DF5BE /* Exercise05 */,
			);
		};
/* End PBXProject section */

/* Begin PBXResourcesBuildPhase section */
		D655416C1C569E01009DF5BE /* Resources */ = {
			isa = PBXResourcesBuildPhase;
			buildActionMask = 2147483647;
			files = (
				D655417C1C569E01009DF5BE /* LaunchScreen.storyboard in Resources */,
				D65541791C569E01009DF5BE /* Assets.xcassets in Resources */,
				D65541771C569E01009DF5BE /* Main.storyboard in Resources */,
			);
			runOnlyForDeploymentPostprocessing = 0;
		};
/* End PBXResourcesBuildPhase section */

/* Begin PBXSourcesBuildPhase section */
		D655416A1C569E01009DF5BE /* Sources */ = {
			isa = PBXSourcesBuildPhase;
			buildActionMask = 2147483647;
			files = (
				D65541741C569E01009DF5BE /* ViewController.swift in Sources */,
				D65541721C569E01009DF5BE /* AppDelegate.swift in Sources */,
			);
			runOnlyForDeploymentPostprocessing = 0;
		};
/* End PBXSourcesBuildPhase section */

/* Begin PBXVariantGroup section */
		D65541751C569E01009DF5BE /* Main.storyboard */ = {
			isa = PBXVariantGroup;
			children = (
				D65541761C569E01009DF5BE /* Base */,
			);
			name = Main.storyboard;
			sourceTree = "<group>";
		};
		D655417A1C569E01009DF5BE /* LaunchScreen.storyboard */ = {
			isa = PBXVariantGroup;
			children = (
				D655417B1C569E01009DF5BE /* Base */,
			);
			name = LaunchScreen.storyboard;
			sourceTree = "<group>";
		};
/* End PBXVariantGroup section */

/* Begin XCBuildConfiguration section */
		D655417E1C569E01009DF5BE /* Debug */ = {
			isa = XCBuildConfiguration;
			buildSettings = {
				ALWAYS_SEARCH_USER_PATHS = NO;
				CLANG_CXX_LANGUAGE_STANDARD = "gnu++0x";
				CLANG_CXX_LIBRARY = "libc++";
				CLANG_ENABLE_MODULES = YES;
				CLANG_ENABLE_OBJC_ARC = YES;
				CLANG_WARN_BOOL_CONVERSION = YES;
				CLANG_WARN_CONSTANT_CONVERSION = YES;
				CLANG_WARN_DIRECT_OBJC_ISA_USAGE = YES_ERROR;
				CLANG_WARN_EMPTY_BODY = YES;
				CLANG_WARN_ENUM_CONVERSION = YES;
				CLANG_WARN_INT_CONVERSION = YES;
				CLANG_WARN_OBJC_ROOT_CLASS = YES_ERROR;
				CLANG_WARN_UNREACHABLE_CODE = YES;
				CLANG_WARN__DUPLICATE_METHOD_MATCH = YES;
				"CODE_SIGN_IDENTITY[sdk=iphoneos*]" = "iPhone Developer";
				COPY_PHASE_STRIP = NO;
				DEBUG_INFORMATION_FORMAT = dwarf;
				ENABLE_STRICT_OBJC_MSGSEND = YES;
				ENABLE_TESTABILITY = YES;
				GCC_C_LANGUAGE_STANDARD = gnu99;
				GCC_DYNAMIC_NO_PIC = NO;
				GCC_NO_COMMON_BLOCKS = YES;
				GCC_OPTIMIZATION_LEVEL = 0;
				GCC_PREPROCESSOR_DEFINITIONS = (
					"DEBUG=1",
					"$(inherited)",
				);
				GCC_WARN_64_TO_32_BIT_CONVERSION = YES;
				GCC_WARN_ABOUT_RETURN_TYPE = YES_ERROR;
				GCC_WARN_UNDECLARED_SELECTOR = YES;
				GCC_WARN_UNINITIALIZED_AUTOS = YES_AGGRESSIVE;
				GCC_WARN_UNUSED_FUNCTION = YES;
				GCC_WARN_UNUSED_VARIABLE = YES;
				IPHONEOS_DEPLOYMENT_TARGET = 9.2;
				MTL_ENABLE_DEBUG_INFO = YES;
				ONLY_ACTIVE_ARCH = YES;
				SDKROOT = iphoneos;
				SWIFT_OPTIMIZATION_LEVEL = "-Onone";
				TARGETED_DEVICE_FAMILY = "1,2";
			};
			name = Debug;
		};
		D655417F1C569E01009DF5BE /* Release */ = {
			isa = XCBuildConfiguration;
			buildSettings = {
				ALWAYS_SEARCH_USER_PATHS = NO;
				CLANG_CXX_LANGUAGE_STANDARD = "gnu++0x";
				CLANG_CXX_LIBRARY = "libc++";
				CLANG_ENABLE_MODULES = YES;
				CLANG_ENABLE_OBJC_ARC = YES;
				CLANG_WARN_BOOL_CONVERSION = YES;
				CLANG_WARN_CONSTANT_CONVERSION = YES;
				CLANG_WARN_DIRECT_OBJC_ISA_USAGE = YES_ERROR;
				CLANG_WARN_EMPTY_BODY = YES;
				CLANG_WARN_ENUM_CONVERSION = YES;
				CLANG_WARN_INT_CONVERSION = YES;
				CLANG_WARN_OBJC_ROOT_CLASS = YES_ERROR;
				CLANG_WARN_UNREACHABLE_CODE = YES;
				CLANG_WARN__DUPLICATE_METHOD_MATCH = YES;
				"CODE_SIGN_IDENTITY[sdk=iphoneos*]" = "iPhone Developer";
				COPY_PHASE_STRIP = NO;
				DEBUG_INFORMATION_FORMAT = "dwarf-with-dsym";
				ENABLE_NS_ASSERTIONS = NO;
				ENABLE_STRICT_OBJC_MSGSEND = YES;
				GCC_C_LANGUAGE_STANDARD = gnu99;
				GCC_NO_COMMON_BLOCKS = YES;
				GCC_WARN_64_TO_32_BIT_CONVERSION = YES;
				GCC_WARN_ABOUT_RETURN_TYPE = YES_ERROR;
				GCC_WARN_UNDECLARED_SELECTOR = YES;
				GCC_WARN_UNINITIALIZED_AUTOS = YES_AGGRESSIVE;
				GCC_WARN_UNUSED_FUNCTION = YES;
				GCC_WARN_UNUSED_VARIABLE = YES;
				IPHONEOS_DEPLOYMENT_TARGET = 9.2;
				MTL_ENABLE_DEBUG_INFO = NO;
				SDKROOT = iphoneos;
				TARGETED_DEVICE_FAMILY = "1,2";
				VALIDATE_PRODUCT = YES;
			};
			name = Release;
		};
		D65541811C569E01009DF5BE /* Debug */ = {
			isa = XCBuildConfiguration;
			buildSettings = {
				ASSETCATALOG_COMPILER_APPICON_NAME = AppIcon;
				INFOPLIST_FILE = Exercise05/Info.plist;
				LD_RUNPATH_SEARCH_PATHS = "$(inherited) @executable_path/Frameworks";
				PRODUCT_BUNDLE_IDENTIFIER = com.amrsami.Exercise05;
				PRODUCT_NAME = "$(TARGET_NAME)";
			};
			name = Debug;
		};
		D65541821C569E01009DF5BE /* Release */ = {
			isa = XCBuildConfiguration;
			buildSettings = {
				ASSETCATALOG_COMPILER_APPICON_NAME = AppIcon;
				INFOPLIST_FILE = Exercise05/Info.plist;
				LD_RUNPATH_SEARCH_PATHS = "$(inherited) @executable_path/Frameworks";
				PRODUCT_BUNDLE_IDENTIFIER = com.amrsami.Exercise05;
				PRODUCT_NAME = "$(TARGET_NAME)";
			};
			name = Release;
		};
/* End XCBuildConfiguration section */

/* Begin XCConfigurationList section */
		D65541691C569E01009DF5BE /* Build configuration list for PBXProject "Exercise05" */ = {
			isa = XCConfigurationList;
			buildConfigurations = (
				D655417E1C569E01009DF5BE /* Debug */,
				D655417F1C569E01009DF5BE /* Release */,
			);
			defaultConfigurationIsVisible = 0;
			defaultConfigurationName = Release;
		};
		D65541801C569E01009DF5BE /* Build configuration list for PBXNativeTarget "Exercise05" */ = {
			isa = XCConfigurationList;
			buildConfigurations = (
				D65541811C569E01009DF5BE /* Debug */,
				D65541821C569E01009DF5BE /* Release */,
			);
			defaultConfigurationIsVisible = 0;
		};
/* End XCConfigurationList section */
	};
	rootObject = D65541661C569E01009DF5BE /* Project object */;
}
